
Microsoft Visual Studio Solution File, Format Version 12.00
# Visual Studio Version 17
VisualStudioVersion = 17.10.34928.147
MinimumVisualStudioVersion = 10.0.40219.1
Project("{9A19103F-16F7-4668-BE54-9A1E7A4F7556}") = "IntegrationTestAPI", "IntegrationTestAPI.csproj", "{218D017B-5294-4D1E-8F5A-DDC9A3971C26}"
EndProject
Global
	GlobalSection(SolutionConfigurationPlatforms) = preSolution
		Debug|Any CPU = Debug|Any CPU
		Release|Any CPU = Release|Any CPU
	EndGlobalSection
	GlobalSection(ProjectConfigurationPlatforms) = postSolution
		{218D017B-5294-4D1E-8F5A-DDC9A3971C26}.Debug|Any CPU.ActiveCfg = Debug|Any CPU
		{218D017B-5294-4D1E-8F5A-DDC9A3971C26}.Debug|Any CPU.Build.0 = Debug|Any CPU
		{218D017B-5294-4D1E-8F5A-DDC9A3971C26}.Release|Any CPU.ActiveCfg = Release|Any CPU
		{218D017B-5294-4D1E-8F5A-DDC9A3971C26}.Release|Any CPU.Build.0 = Release|Any CPU
	EndGlobalSection
	GlobalSection(SolutionProperties) = preSolution
		HideSolutionNode = FALSE
	EndGlobalSection
	GlobalSection(ExtensibilityGlobals) = postSolution
		SolutionGuid = {DD33D586-C7C0-46B4-A1C2-61FCA15DFFF1}
	EndGlobalSection
EndGlobal
